uuid: 81d07233-7b25-4554-bac2-f0549cc02f1e
langcode: en
status: true
dependencies:
  module:
    - performance_tests
  theme:
    - bartik
_core:
  default_config_hash: ZjdfO27QxIe0wM-ZfXbRdEfQw-w9lx0-0XErWe_hO1g
id: perf_lazybuilded_block
theme: bartik
region: sidebar_second
weight: -12
provider: null
plugin: perftests_lazybuilded_block
settings:
  id: perftests_lazybuilded_block
  label: 'LazyBuilded block'
  provider: performance_tests
  label_display: '0'
visibility: {  }
